
Microsoft Visual Studio Solution File, Format Version 12.00
# Visual Studio Version 17
VisualStudioVersion = 17.14.36414.22
MinimumVisualStudioVersion = 10.0.40219.1
Project("{FAE04EC0-301F-11D3-BF4B-00C04F79EFBC}") = "GUI", "GUI\GUI.csproj", "{660598F0-CAE9-4A81-BCDD-C9AE1AEBB663}"
EndProject
Project("{FAE04EC0-301F-11D3-BF4B-00C04F79EFBC}") = "BE", "BE\BE.csproj", "{10DD40AA-6D81-4879-B2F3-D21BB4612D88}"
EndProject
Project("{FAE04EC0-301F-11D3-BF4B-00C04F79EFBC}") = "BLL", "BLL\BLL.csproj", "{DB851617-009D-4514-AB35-455B28FFC725}"
EndProject
Project("{FAE04EC0-301F-11D3-BF4B-00C04F79EFBC}") = "DAL", "DAL\DAL.csproj", "{845F1700-4775-4604-AB6C-B3D9A4C26520}"
EndProject
Global
	GlobalSection(SolutionConfigurationPlatforms) = preSolution
		Debug|Any CPU = Debug|Any CPU
		Release|Any CPU = Release|Any CPU
	EndGlobalSection
	GlobalSection(ProjectConfigurationPlatforms) = postSolution
		{660598F0-CAE9-4A81-BCDD-C9AE1AEBB663}.Debug|Any CPU.ActiveCfg = Debug|Any CPU
		{660598F0-CAE9-4A81-BCDD-C9AE1AEBB663}.Debug|Any CPU.Build.0 = Debug|Any CPU
		{660598F0-CAE9-4A81-BCDD-C9AE1AEBB663}.Release|Any CPU.ActiveCfg = Release|Any CPU
		{660598F0-CAE9-4A81-BCDD-C9AE1AEBB663}.Release|Any CPU.Build.0 = Release|Any CPU
		{10DD40AA-6D81-4879-B2F3-D21BB4612D88}.Debug|Any CPU.ActiveCfg = Debug|Any CPU
		{10DD40AA-6D81-4879-B2F3-D21BB4612D88}.Debug|Any CPU.Build.0 = Debug|Any CPU
		{10DD40AA-6D81-4879-B2F3-D21BB4612D88}.Release|Any CPU.ActiveCfg = Release|Any CPU
		{10DD40AA-6D81-4879-B2F3-D21BB4612D88}.Release|Any CPU.Build.0 = Release|Any CPU
		{DB851617-009D-4514-AB35-455B28FFC725}.Debug|Any CPU.ActiveCfg = Debug|Any CPU
		{DB851617-009D-4514-AB35-455B28FFC725}.Debug|Any CPU.Build.0 = Debug|Any CPU
		{DB851617-009D-4514-AB35-455B28FFC725}.Release|Any CPU.ActiveCfg = Release|Any CPU
		{DB851617-009D-4514-AB35-455B28FFC725}.Release|Any CPU.Build.0 = Release|Any CPU
		{845F1700-4775-4604-AB6C-B3D9A4C26520}.Debug|Any CPU.ActiveCfg = Debug|Any CPU
		{845F1700-4775-4604-AB6C-B3D9A4C26520}.Debug|Any CPU.Build.0 = Debug|Any CPU
		{845F1700-4775-4604-AB6C-B3D9A4C26520}.Release|Any CPU.ActiveCfg = Release|Any CPU
		{845F1700-4775-4604-AB6C-B3D9A4C26520}.Release|Any CPU.Build.0 = Release|Any CPU
	EndGlobalSection
	GlobalSection(SolutionProperties) = preSolution
		HideSolutionNode = FALSE
	EndGlobalSection
	GlobalSection(ExtensibilityGlobals) = postSolution
		SolutionGuid = {599D5300-6F9F-4562-9362-B6812FE03B9E}
	EndGlobalSection
EndGlobal
